{
  "name": "@ornn/core",
  "version": "0.0.0",
  "lockfileVersion": 1,
  "requires": true,
  "dependencies": {
    "@ornn/schema": {
      "version": "0.0.0",
      "resolved": "https://registry.npmjs.org/@ornn/schema/-/schema-0.0.0.tgz",
      "integrity": "sha512-3dkH0g+8rAGcDPu60yBNZZFOaQr3QdfspmU4/M7WKM8umqWzjpl1wwO/AurCohN9rWTmIB+sU3hEa+MgbfJ6Dw=="
    },
    "@ornn/sql": {
      "version": "0.0.0",
      "resolved": "https://registry.npmjs.org/@ornn/sql/-/sql-0.0.0.tgz",
      "integrity": "sha512-iTGQsEABq6JGxvzgkYUvOe+kzFxIHPcb/iH7tWopmnS+6tRf3rHB/ZuzVeEn8zlYk/L3HWCURfBQfX3DFywFKQ=="
    }
  }
}
